PODS:
  - Dwifft (0.8)
  - PromisesObjC (1.1.1)
  - PromisesSwift (1.1.1):
    - PromisesObjC (= 1.1.1)
  - SDWebImage (4.3.3):
    - SDWebImage/Core (= 4.3.3)
  - SDWebImage/Core (4.3.3)
  - SnapKit (4.0.0)

DEPENDENCIES:
  - Dwifft
  - PromisesSwift (~> 1.0)
  - SDWebImage (~> 4.0)
  - SnapKit (~> 4.0)

SPEC REPOS:
  trunk:
    - Dwifft
    - PromisesObjC
    - PromisesSwift
    - SDWebImage
    - SnapKit

SPEC CHECKSUMS:
  Dwifft: 463e61d07322fdf83b32ee6975ca1b20708db746
  PromisesObjC: c6ea89661f018e55cd83dd7d0b5a7751f5e63c23
  PromisesSwift: 23ae4ad1c81963d35a37a98b83dd1e63403c54b8
  SDWebImage: de4d90b5bff3571eae7bd16202b1f43135409fa5
  SnapKit: a42d492c16e80209130a3379f73596c3454b7694

PODFILE CHECKSUM: 514c059a2c9556dec209427849d267ea25ce3e85

COCOAPODS: 1.11.3
